
Microsoft Visual Studio Solution File, Format Version 12.00
# Visual Studio Version 17
VisualStudioVersion = 17.4.33213.308
MinimumVisualStudioVersion = 10.0.40219.1
Project("{FAE04EC0-301F-11D3-BF4B-00C04F79EFBC}") = "GENERADOR_JWT_UNIMINUTO", "GENERADOR_JWT_UNIMINUTO\GENERADOR_JWT_UNIMINUTO.csproj", "{9566E058-220C-460E-992B-0615FF2AC1FC}"
EndProject
Global
	GlobalSection(SolutionConfigurationPlatforms) = preSolution
		Debug|Any CPU = Debug|Any CPU
		Release|Any CPU = Release|Any CPU
	EndGlobalSection
	GlobalSection(ProjectConfigurationPlatforms) = postSolution
		{9566E058-220C-460E-992B-0615FF2AC1FC}.Debug|Any CPU.ActiveCfg = Debug|Any CPU
		{9566E058-220C-460E-992B-0615FF2AC1FC}.Debug|Any CPU.Build.0 = Debug|Any CPU
		{9566E058-220C-460E-992B-0615FF2AC1FC}.Release|Any CPU.ActiveCfg = Release|Any CPU
		{9566E058-220C-460E-992B-0615FF2AC1FC}.Release|Any CPU.Build.0 = Release|Any CPU
	EndGlobalSection
	GlobalSection(SolutionProperties) = preSolution
		HideSolutionNode = FALSE
	EndGlobalSection
	GlobalSection(ExtensibilityGlobals) = postSolution
		SolutionGuid = {48AF12E7-5F04-48AD-BC4B-B12D386EF5A4}
	EndGlobalSection
EndGlobal
